PATH
  remote: .
  specs:
    click_house (1.3.7)
      faraday
      faraday_middleware

GEM
  remote: https://rubygems.org/
  specs:
    ast (2.4.1)
    coderay (1.1.3)
    diff-lcs (1.4.4)
    faraday (1.1.0)
      multipart-post (>= 1.2, < 3)
      ruby2_keywords
    faraday_middleware (1.0.0)
      faraday (~> 1.0)
    method_source (1.0.0)
    multipart-post (2.1.1)
    parallel (1.20.1)
    parser (2.7.2.0)
      ast (~> 2.4.1)
    pry (0.13.1)
      coderay (~> 1.1)
      method_source (~> 1.0)
    rainbow (3.0.0)
    rake (13.0.3)
    regexp_parser (2.0.1)
    rexml (3.2.4)
    rspec (3.10.0)
      rspec-core (~> 3.10.0)
      rspec-expectations (~> 3.10.0)
      rspec-mocks (~> 3.10.0)
    rspec-core (3.10.0)
      rspec-support (~> 3.10.0)
    rspec-expectations (3.10.0)
      diff-lcs (>= 1.2.0, < 2.0)
      rspec-support (~> 3.10.0)
    rspec-mocks (3.10.0)
      diff-lcs (>= 1.2.0, < 2.0)
      rspec-support (~> 3.10.0)
    rspec-support (3.10.0)
    rubocop (1.6.1)
      parallel (~> 1.10)
      parser (>= 2.7.1.5)
      rainbow (>= 2.2.2, < 4.0)
      regexp_parser (>= 1.8, < 3.0)
      rexml
      rubocop-ast (>= 1.2.0, < 2.0)
      ruby-progressbar (~> 1.7)
      unicode-display_width (>= 1.4.0, < 2.0)
    rubocop-ast (1.3.0)
      parser (>= 2.7.1.5)
    rubocop-performance (1.9.1)
      rubocop (>= 0.90.0, < 2.0)
      rubocop-ast (>= 0.4.0)
    ruby-progressbar (1.10.1)
    ruby2_keywords (0.0.2)
    unicode-display_width (1.7.0)

PLATFORMS
  ruby

DEPENDENCIES
  bundler
  click_house!
  pry
  rake
  rspec
  rubocop
  rubocop-performance

BUNDLED WITH
   2.1.4
